{
  "version": 2,
  "dependencies": {
    "net10.0": {
      "Dapper": {
        "type": "Direct",
        "requested": "[2.1.79, )",
        "resolved": "2.1.79",
        "contentHash": "8YijbzgTfmqmQOnVNorYM6K++pxqnW3nJ4aC1sRHzxUA2CcuoJ9gsTem3kgBnPRMc38zZHl4Esb6hAezXIEEuw=="
      },
      "Microsoft.Data.Sqlite": {
        "type": "Direct",
        "requested": "[10.0.9, )",
        "resolved": "10.0.9",
        "contentHash": "/eBwiZPcNisn0qZX+Zk4YCftlK/vnoWqv7hHnmSk8MjPxFdYYkmPObpogT0MfCCWN6oAIZnMCo0SoOtZlbbmgQ==",
        "dependencies": {
          "Microsoft.Data.Sqlite.Core": "10.0.9",
          "SQLitePCLRaw.bundle_e_sqlite3": "2.1.11",
          "SQLitePCLRaw.core": "2.1.11"
        }
      },
      "xunit.v3": {
        "type": "Direct",
        "requested": "[3.2.2, )",
        "resolved": "3.2.2",
        "contentHash": "L+4/4y0Uqcg8/d6hfnxhnwh4j9FaeULvefTwrk30rr1o4n/vdPfyUQ8k0yzH8VJx7bmFEkDdcRfbtbjEHlaYcA==",
        "dependencies": {
          "xunit.v3.mtp-v1": "[3.2.2]"
        }
      },
      "Azure.Core": {
        "type": "Transitive",
        "resolved": "1.54.0",
        "contentHash": "m6hHbx1q9+GCBZ5A9ykzFylPdTwscX2APH7PlnqV+yu+DH3RRtuIDJMRqdU17cMyinv0hCPofpegoyQ6qWPW7g==",
        "dependencies": {
          "Microsoft.Bcl.AsyncInterfaces": "10.0.3",
          "Microsoft.Extensions.Configuration.Abstractions": "10.0.3",
          "Microsoft.Extensions.Hosting.Abstractions": "10.0.3",
          "Microsoft.Identity.Client": "4.83.1",
          "Microsoft.Identity.Client.Extensions.Msal": "4.83.1",
          "System.ClientModel": "1.10.0",
          "System.Memory.Data": "10.0.3"
        }
      },
      "Azure.Messaging.WebPubSub": {
        "type": "Transitive",
        "resolved": "1.6.0",
        "contentHash": "ewewoRnw/wJZMBuALoaIB8raguqM4aXp2Za3jhGYoAp0EEmKw9ZfHVXARzkB7Pb+aoOSwnsudL+izMhD9PA85Q==",
        "dependencies": {
          "Azure.Core": "1.46.0"
        }
      },
      "Azure.Monitor.OpenTelemetry.AspNetCore": {
        "type": "Transitive",
        "resolved": "1.5.0",
        "contentHash": "jXyeb4E5gB/VQt3EkNEyP1L+TgRT/66RcN21o0QQ3cIVywZC7V7I42s9cA7Yy9Ezd4RnSqATHb/c76QIMixF1Q==",
        "dependencies": {
          "Azure.Core": "1.54.0",
          "Azure.Monitor.OpenTelemetry.Exporter": "1.8.0",
          "OpenTelemetry.Extensions.Hosting": "1.15.3",
          "OpenTelemetry.Instrumentation.AspNetCore": "1.15.2",
          "OpenTelemetry.Instrumentation.Http": "1.15.1"
        }
      },
      "Azure.Monitor.OpenTelemetry.Exporter": {
        "type": "Transitive",
        "resolved": "1.8.0",
        "contentHash": "JbNUQIK7uZ7Mg2fZzdsjqC/eso3Ag/tMwCqYvGvedyE1fObe6JAwCaCSMZDMrhrAaFn8x8+ZaKJelfcEK5MCcg==",
        "dependencies": {
          "Azure.Core": "1.54.0",
          "OpenTelemetry.Extensions.Hosting": "1.15.3",
          "OpenTelemetry.PersistentStorage.FileSystem": "1.0.3"
        }
      },
      "Google.Protobuf": {
        "type": "Transitive",
        "resolved": "3.28.0",
        "contentHash": "lVsLcLIHpkOABswgydr0sjkIhSN5XE9C6AgLXxvMsa6pSSJIpmAIPvK/NZpuF+HTB6xp1R8T5nhLausWVOrU/w=="
      },
      "Grpc.Core.Api": {
        "type": "Transitive",
        "resolved": "2.65.0",
        "contentHash": "VHElVX8XpJoaoddHkxhSHrXqn+7k3cZRmAxvZFh0NElkZK5oAT0/QOPM2FJtt5/xIxjQPumz3TOkzrUT6b8V6g=="
      },
      "Grpc.Net.Client": {
        "type": "Transitive",
        "resolved": "2.65.0",
        "contentHash": "ys1Rz7pxV0XR2pm4BVMkm/PrJ2BQu8OXFTvnXzzelTvQ+19OiHbUSb1kSZ2X4V7FziaxrtWY52ssXK3MFjQxbg==",
        "dependencies": {
          "Grpc.Net.Common": "2.65.0",
          "Microsoft.Extensions.Logging.Abstractions": "6.0.0"
        }
      },
      "Grpc.Net.ClientFactory": {
        "type": "Transitive",
        "resolved": "2.65.0",
        "contentHash": "iVJ8/uoaPccipMeyD0uwpbX6lRhFEo4aLJmGhLsdigQWi1tDdf/PHfRNZudX3lqZGuqyxl+wC2CfuApIIKPMhg==",
        "dependencies": {
          "Grpc.Net.Client": "2.65.0",
          "Microsoft.Extensions.Http": "6.0.0"
        }
      },
      "Grpc.Net.Common": {
        "type": "Transitive",
        "resolved": "2.65.0",
        "contentHash": "XbRegnfDrWoXZJ4GGdJat+KXnmCCkR6XQmWnIZxxIjphyZkWZgI0FN1PtGXU4RZ5a5C85qg1cscz1ju2biVXGg==",
        "dependencies": {
          "Grpc.Core.Api": "2.65.0"
        }
      },
      "Microsoft.ApplicationInsights": {
        "type": "Transitive",
        "resolved": "2.23.0",
        "contentHash": "nWArUZTdU7iqZLycLKWe0TDms48KKGE6pONH2terYNa8REXiqixrMOkf1sk5DHGMaUTqONU2YkS4SAXBhLStgw=="
      },
      "Microsoft.Azure.Cosmos": {
        "type": "Transitive",
        "resolved": "3.61.0",
        "contentHash": "o0lhN2nrkC2xidy0lhjnojwqgp/N6GOXAr34xQrU5Scs8MmNG9cwG6MtRJSVTWQYW3gm9Ava3pmVbuuTVQyuYg==",
        "dependencies": {
          "Azure.Core": "1.44.1",
          "Microsoft.Bcl.AsyncInterfaces": "6.0.0",
          "Microsoft.Bcl.HashCode": "1.1.0",
          "System.Configuration.ConfigurationManager": "6.0.0"
        }
      },
      "Microsoft.Azure.Functions.Worker": {
        "type": "Transitive",
        "resolved": "2.52.0",
        "contentHash": "yXw128fTSLm6fHMCKqItM9qxf/X6y4ICbTaRdbEWnHj7ppXV5xK87yEzgsOoPd/rCHpVR4IWPy05yBvN/bcmvQ==",
        "dependencies": {
          "Microsoft.Azure.Functions.Worker.Core": "2.52.0",
          "Microsoft.Azure.Functions.Worker.Grpc": "2.52.0"
        }
      },
      "Microsoft.Azure.Functions.Worker.Core": {
        "type": "Transitive",
        "resolved": "2.52.0",
        "contentHash": "VCn3dZK2OxnRxLv6DO/uIQdXzOfaxyPJKyfkfO5ZLb3qA3QlcQZNk/heSWsvE1sqIb1HpVMvN5QadjiX1o7qhA==",
        "dependencies": {
          "Azure.Core": "1.44.1",
          "Microsoft.Extensions.Hosting": "10.0.0"
        }
      },
      "Microsoft.Azure.Functions.Worker.Extensions.Abstractions": {
        "type": "Transitive",
        "resolved": "1.3.0",
        "contentHash": "+6+/Yb/ouWUweaSQhesbbiIVSmwYEzkSfjIHrBnNqIiCYnx2iLeoYyWjN/wHP3Fnn5COtyDXRDwHKr5A/tCL9Q=="
      },
      "Microsoft.Azure.Functions.Worker.Extensions.Http": {
        "type": "Transitive",
        "resolved": "3.3.0",
        "contentHash": "a1W5bpOQCrYP0kbSJUFrK6PYeQAfg3UXQR+kPdt1YLvWrc/JTaNWyOA1DRKGrvRRo87xSM9NdFZuDULEMAxl4Q==",
        "dependencies": {
          "Microsoft.Azure.Functions.Worker.Core": "1.19.0",
          "Microsoft.Azure.Functions.Worker.Extensions.Abstractions": "1.3.0"
        }
      },
      "Microsoft.Azure.Functions.Worker.Grpc": {
        "type": "Transitive",
        "resolved": "2.52.0",
        "contentHash": "VsSYM6JGpfcBfcZ2MrkJqIcHZJ1PBUa1RBm7/37T7luluH0CHqFeNd4BrJk4uf+zyueYD49EcTo3ePmBGUIKgg==",
        "dependencies": {
          "Google.Protobuf": "3.28.0",
          "Grpc.Net.ClientFactory": "2.65.0",
          "Microsoft.Azure.Functions.Worker.Core": "2.52.0",
          "Microsoft.Azure.Functions.Worker.Extensions.Abstractions": "1.3.0"
        }
      },
      "Microsoft.Azure.Functions.Worker.OpenTelemetry": {
        "type": "Transitive",
        "resolved": "1.2.0",
        "contentHash": "WzQsSzgR5KpC4IZ0BETZUz1kidWPIyUwR4KIzNeBS/RCRFhqZN1k9Sd3dXD7Es2KTAGvUvy2VpeAYEUHnm1fvQ==",
        "dependencies": {
          "Microsoft.Azure.Functions.Worker.Core": "2.52.0",
          "OpenTelemetry": "1.13.1",
          "OpenTelemetry.Api": "1.13.1",
          "OpenTelemetry.Extensions.Hosting": "1.13.1"
        }
      },
      "Microsoft.Azure.Functions.Worker.Sdk": {
        "type": "Transitive",
        "resolved": "2.0.7",
        "contentHash": "plvT3R5Zr9oY3PSTaNDhIrzwUlcXaZqW1/hrob0gEjKjR8qxZ6Ktp9TBnEe1ObwqM45k7zIWM3Ptz6dQ29iInA==",
        "dependencies": {
          "Microsoft.Azure.Functions.Worker.Sdk.Analyzers": "1.2.2",
          "Microsoft.Azure.Functions.Worker.Sdk.Generators": "1.3.6"
        }
      },
      "Microsoft.Azure.Functions.Worker.Sdk.Analyzers": {
        "type": "Transitive",
        "resolved": "1.2.2",
        "contentHash": "v+GWIfC2Or3nxriew6JLT0yRGmhqYI84ALLqbQSyj/j9Z6ZQi2dh9iO9i3jmHAqiVFmIC2Aing/0eYQ0pObU4w=="
      },
      "Microsoft.Azure.Functions.Worker.Sdk.Generators": {
        "type": "Transitive",
        "resolved": "1.3.6",
        "contentHash": "i5ZsI2gSLKWrsxEchmQ3LfQ2digJnsjceAw3KEVq4w1Pl8JnbOJbLCROuMaN8qv23NNs1CBP5G8LO4r3+uNm3Q=="
      },
      "Microsoft.Bcl.AsyncInterfaces": {
        "type": "Transitive",
        "resolved": "10.0.3",
        "contentHash": "TV62UsrJZPX6gbt3c4WrtXh7bmaDIcMqf9uft1cc4L6gJXOU07hDGEh+bFQh/L2Az0R1WVOkiT66lFqS6G2NmA=="
      },
      "Microsoft.Bcl.Cryptography": {
        "type": "Transitive",
        "resolved": "10.0.2",
        "contentHash": "LG9Yll3B5aNpxv0+D47g6LiOiKBIlodhcHdQwcYzo8VeexFLGqx5ymetmA2aBRyo9cCcWsQWrFsdbsr8LvmWDw=="
      },
      "Microsoft.Bcl.HashCode": {
        "type": "Transitive",
        "resolved": "1.1.0",
        "contentHash": "J2G1k+u5unBV+aYcwxo94ip16Rkp65pgWFb0R6zwJipzWNMgvqlWeuI7/+R+e8bob66LnSG+llLJ+z8wI94cHg=="
      },
      "Microsoft.Data.Sqlite.Core": {
        "type": "Transitive",
        "resolved": "10.0.9",
        "contentHash": "iZrONyMKPjxfVZnUktqO30QjzNwAGH+AxM61s8lKQnVhgbQ3bn0hiXI129ZmVicEbIcwljyy2OVsIYUR51ZHKQ==",
        "dependencies": {
          "SQLitePCLRaw.core": "2.1.11"
        }
      },
      "Microsoft.Extensions.Configuration": {
        "type": "Transitive",
        "resolved": "10.0.9",
        "contentHash": "woZsWLhOQsASuxbmgiZJqiGUBNo3IjRdXC92xt8rRokza+P6/nIsnzq7sm9Or6ZYcRl2kL1ufj8HVzp1QlPTXw==",
        "dependencies": {
          "Microsoft.Extensions.Configuration.Abstractions": "10.0.9",
          "Microsoft.Extensions.Primitives": "10.0.9"
        }
      },
      "Microsoft.Extensions.Configuration.Abstractions": {
        "type": "Transitive",
        "resolved": "10.0.9",
        "contentHash": "qGhRPd3VxfLV9UqatVOiD9mAeUbj2KiMwGFYC5uXlzExiZQoe4X/hdmzGIU7BQjNLTqCnnbTHVyBglG3668/HA==",
        "dependencies": {
          "Microsoft.Extensions.Primitives": "10.0.9"
        }
      },
      "Microsoft.Extensions.Configuration.Binder": {
        "type": "Transitive",
        "resolved": "10.0.0",
        "contentHash": "tMF9wNh+hlyYDWB8mrFCQHQmWHlRosol1b/N2Jrefy1bFLnuTlgSYmPyHNmz8xVQgs7DpXytBRWxGhG+mSTp0g==",
        "dependencies": {
          "Microsoft.Extensions.Configuration": "10.0.0",
          "Microsoft.Extensions.Configuration.Abstractions": "10.0.0"
        }
      },
      "Microsoft.Extensions.Configuration.CommandLine": {
        "type": "Transitive",
        "resolved": "10.0.0",
        "contentHash": "CRj5clwZciVs46GMhAthkFq3+JiNM15Bz9CRlCZLBmRdggD6RwoBphRJ+EUDK2f+cZZ1L2zqVaQrn1KueoU5Kg==",
        "dependencies": {
          "Microsoft.Extensions.Configuration": "10.0.0",
          "Microsoft.Extensions.Configuration.Abstractions": "10.0.0"
        }
      },
      "Microsoft.Extensions.Configuration.EnvironmentVariables": {
        "type": "Transitive",
        "resolved": "10.0.0",
        "contentHash": "TmFegsI/uCdwMBD4yKpmO+OkjVNHQL49Dh/ep83NI5rPUEoBK9OdsJo1zURc1A2FuS/R/Pos3wsTjlyLnguBLA==",
        "dependencies": {
          "Microsoft.Extensions.Configuration": "10.0.0",
          "Microsoft.Extensions.Configuration.Abstractions": "10.0.0"
        }
      },
      "Microsoft.Extensions.Configuration.FileExtensions": {
        "type": "Transitive",
        "resolved": "10.0.9",
        "contentHash": "NgLB9cYnIb0/djSDcnqo4GIGGWooxGmr/gCUe3/CRXcKqLizOFui8MyW4EVkTB/KNJL+oXdMXnD6ZRm3Y+qkrQ==",
        "dependencies": {
          "Microsoft.Extensions.Configuration": "10.0.9",
          "Microsoft.Extensions.Configuration.Abstractions": "10.0.9",
          "Microsoft.Extensions.FileProviders.Abstractions": "10.0.9",
          "Microsoft.Extensions.FileProviders.Physical": "10.0.9",
          "Microsoft.Extensions.Primitives": "10.0.9"
        }
      },
      "Microsoft.Extensions.Configuration.Json": {
        "type": "Transitive",
        "resolved": "10.0.9",
        "contentHash": "LiFKJgc9jZEW+7RhcSfsvCwoikt1lDdOqOn+whZC5zVHyg/gExftHl2QPtmfiHsEdDNg+Y+BDr6835tOfj8Y7A==",
        "dependencies": {
          "Microsoft.Extensions.Configuration": "10.0.9",
          "Microsoft.Extensions.Configuration.Abstractions": "10.0.9",
          "Microsoft.Extensions.Configuration.FileExtensions": "10.0.9",
          "Microsoft.Extensions.FileProviders.Abstractions": "10.0.9"
        }
      },
      "Microsoft.Extensions.Configuration.UserSecrets": {
        "type": "Transitive",
        "resolved": "10.0.9",
        "contentHash": "ockJRreRW/HbGwoyHzYOxMucFBimvAZ8lKNwQLMHrS6mwkDUaCJMWzzeE+Rm9vgFlv2o/xqk8fm+FpqrDCnkTA==",
        "dependencies": {
          "Microsoft.Extensions.Configuration.Abstractions": "10.0.9",
          "Microsoft.Extensions.Configuration.Json": "10.0.9",
          "Microsoft.Extensions.FileProviders.Abstractions": "10.0.9",
          "Microsoft.Extensions.FileProviders.Physical": "10.0.9"
        }
      },
      "Microsoft.Extensions.DependencyInjection": {
        "type": "Transitive",
        "resolved": "10.0.0",
        "contentHash": "f0RBabswJq+gRu5a+hWIobrLWiUYPKMhCD9WO3sYBAdSy3FFH14LMvLVFZc2kPSCimBLxSuitUhsd6tb0TAY6A==",
        "dependencies": {
          "Microsoft.Extensions.DependencyInjection.Abstractions": "10.0.0"
        }
      },
      "Microsoft.Extensions.DependencyInjection.Abstractions": {
        "type": "Transitive",
        "resolved": "10.0.3",
        "contentHash": "bwGMrRcAMWx2s/RDgja97p27rxSz2pEQW0+rX5cWAUWVETVJ/eyxGfjAl8vuG5a+lckWmPIE+vcuaZNVB5YDdw=="
      },
      "Microsoft.Extensions.Diagnostics": {
        "type": "Transitive",
        "resolved": "10.0.0",
        "contentHash": "xjkxIPgrT0mKTfBwb+CVqZnRchyZgzKIfDQOp8z+WUC6vPe3WokIf71z+hJPkH0YBUYJwa7Z/al1R087ib9oiw==",
        "dependencies": {
          "Microsoft.Extensions.Configuration": "10.0.0",
          "Microsoft.Extensions.Diagnostics.Abstractions": "10.0.0",
          "Microsoft.Extensions.Options.ConfigurationExtensions": "10.0.0"
        }
      },
      "Microsoft.Extensions.Diagnostics.Abstractions": {
        "type": "Transitive",
        "resolved": "10.0.3",
        "contentHash": "mQiTzAj7PIJ2A9YXR5QhgulS1fTWhmQc3ckd1Mrf3hKW07d03fBDqx8vVaFw+cRTebDOeB6pNqdWdnRxsi1hBA==",
        "dependencies": {
          "Microsoft.Extensions.DependencyInjection.Abstractions": "10.0.3",
          "Microsoft.Extensions.Options": "10.0.3"
        }
      },
      "Microsoft.Extensions.FileProviders.Abstractions": {
        "type": "Transitive",
        "resolved": "10.0.9",
        "contentHash": "Oxn4vqDk+EwceTMpZxVm7L/UZEAM1qIQlNP1+7tBZckD+P4SKrm/5X4gMTPCTdpnau/xY8Sb4/0d6onomSg4ZA==",
        "dependencies": {
          "Microsoft.Extensions.Primitives": "10.0.9"
        }
      },
      "Microsoft.Extensions.FileProviders.Physical": {
        "type": "Transitive",
        "resolved": "10.0.9",
        "contentHash": "zm8WVod4swgprGrkxkuSILlbXqdDRqF+3y6U0I7jlmj4PMyKN6d8pzXZHUn5lr/gZVULzk/+FeTYlTupt6akpg==",
        "dependencies": {
          "Microsoft.Extensions.FileProviders.Abstractions": "10.0.9",
          "Microsoft.Extensions.FileSystemGlobbing": "10.0.9",
          "Microsoft.Extensions.Primitives": "10.0.9"
        }
      },
      "Microsoft.Extensions.FileSystemGlobbing": {
        "type": "Transitive",
        "resolved": "10.0.9",
        "contentHash": "mvRf9qOH/LslWIee/h+lsElnoUyKotEwoPL31soqScmO/eoxObaTCLCdx2DdqPdRi9LnB+7qKZ49jfyrLZuc+w=="
      },
      "Microsoft.Extensions.Hosting": {
        "type": "Transitive",
        "resolved": "10.0.0",
        "contentHash": "yKJiVdXkSfe9foojGpBRbuDPQI8YD71IO/aE8ehGjRHE0VkEF/YWkW6StthwuFF146pc2lypZrpk/Tks6Plwhw==",
        "dependencies": {
          "Microsoft.Extensions.Configuration": "10.0.0",
          "Microsoft.Extensions.Configuration.Abstractions": "10.0.0",
          "Microsoft.Extensions.Configuration.Binder": "10.0.0",
          "Microsoft.Extensions.Configuration.CommandLine": "10.0.0",
          "Microsoft.Extensions.Configuration.EnvironmentVariables": "10.0.0",
          "Microsoft.Extensions.Configuration.FileExtensions": "10.0.0",
          "Microsoft.Extensions.Configuration.Json": "10.0.0",
          "Microsoft.Extensions.Configuration.UserSecrets": "10.0.0",
          "Microsoft.Extensions.DependencyInjection": "10.0.0",
          "Microsoft.Extensions.DependencyInjection.Abstractions": "10.0.0",
          "Microsoft.Extensions.Diagnostics": "10.0.0",
          "Microsoft.Extensions.FileProviders.Abstractions": "10.0.0",
          "Microsoft.Extensions.FileProviders.Physical": "10.0.0",
          "Microsoft.Extensions.Hosting.Abstractions": "10.0.0",
          "Microsoft.Extensions.Logging": "10.0.0",
          "Microsoft.Extensions.Logging.Abstractions": "10.0.0",
          "Microsoft.Extensions.Logging.Configuration": "10.0.0",
          "Microsoft.Extensions.Logging.Console": "10.0.0",
          "Microsoft.Extensions.Logging.Debug": "10.0.0",
          "Microsoft.Extensions.Logging.EventLog": "10.0.0",
          "Microsoft.Extensions.Logging.EventSource": "10.0.0",
          "Microsoft.Extensions.Options": "10.0.0"
        }
      },
      "Microsoft.Extensions.Hosting.Abstractions": {
        "type": "Transitive",
        "resolved": "10.0.3",
        "contentHash": "GdMpC10Jf6poxSvUJ4lgYpJ5F/kJeaAoJmrPufjBoPYyCTKKY5Dyl0rZA+LBNvFqTq1cZa/lhlptlUhNvU6xrg==",
        "dependencies": {
          "Microsoft.Extensions.Configuration.Abstractions": "10.0.3",
          "Microsoft.Extensions.DependencyInjection.Abstractions": "10.0.3",
          "Microsoft.Extensions.Diagnostics.Abstractions": "10.0.3",
          "Microsoft.Extensions.FileProviders.Abstractions": "10.0.3",
          "Microsoft.Extensions.Logging.Abstractions": "10.0.3"
        }
      },
      "Microsoft.Extensions.Http": {
        "type": "Transitive",
        "resolved": "6.0.0",
        "contentHash": "15+pa2G0bAMHbHewaQIdr/y6ag2H3yh4rd9hTXavtWDzQBkvpe2RMqFg8BxDpcQWssmjmBApGPcw93QRz6YcMg==",
        "dependencies": {
          "Microsoft.Extensions.DependencyInjection.Abstractions": "6.0.0",
          "Microsoft.Extensions.Logging": "6.0.0",
          "Microsoft.Extensions.Logging.Abstractions": "6.0.0",
          "Microsoft.Extensions.Options": "6.0.0"
        }
      },
      "Microsoft.Extensions.Logging": {
        "type": "Transitive",
        "resolved": "10.0.0",
        "contentHash": "BStFkd5CcnEtarlcgYDBcFzGYCuuNMzPs02wN3WBsOFoYIEmYoUdAiU+au6opzoqfTYJsMTW00AeqDdnXH2CvA==",
        "dependencies": {
          "Microsoft.Extensions.DependencyInjection": "10.0.0",
          "Microsoft.Extensions.Logging.Abstractions": "10.0.0",
          "Microsoft.Extensions.Options": "10.0.0"
        }
      },
      "Microsoft.Extensions.Logging.Abstractions": {
        "type": "Transitive",
        "resolved": "10.0.3",
        "contentHash": "lxl0WLk7ROgBFAsjcOYjQ8/DVK+VMszxGBzUhgtQmAsTNldLL5pk9NG/cWTsXHq0lUhUEAtZkEE7jOGOA8bGKQ==",
        "dependencies": {
          "Microsoft.Extensions.DependencyInjection.Abstractions": "10.0.3"
        }
      },
      "Microsoft.Extensions.Logging.Configuration": {
        "type": "Transitive",
        "resolved": "10.0.0",
        "contentHash": "j8zcwhS6bYB6FEfaY3nYSgHdpiL2T+/V3xjpHtslVAegyI1JUbB9yAt/BFdvZdsNbY0Udm4xFtvfT/hUwcOOOg==",
        "dependencies": {
          "Microsoft.Extensions.Configuration": "10.0.0",
          "Microsoft.Extensions.Configuration.Abstractions": "10.0.0",
          "Microsoft.Extensions.Configuration.Binder": "10.0.0",
          "Microsoft.Extensions.DependencyInjection.Abstractions": "10.0.0",
          "Microsoft.Extensions.Logging": "10.0.0",
          "Microsoft.Extensions.Logging.Abstractions": "10.0.0",
          "Microsoft.Extensions.Options": "10.0.0",
          "Microsoft.Extensions.Options.ConfigurationExtensions": "10.0.0"
        }
      },
      "Microsoft.Extensions.Logging.Console": {
        "type": "Transitive",
        "resolved": "10.0.0",
        "contentHash": "treWetuksp8LVb09fCJ5zNhNJjyDkqzVm83XxcrlWQnAdXznR140UUXo8PyEPBvFlHhjKhFQZEOP3Sk/ByCvEw==",
        "dependencies": {
          "Microsoft.Extensions.DependencyInjection.Abstractions": "10.0.0",
          "Microsoft.Extensions.Logging": "10.0.0",
          "Microsoft.Extensions.Logging.Abstractions": "10.0.0",
          "Microsoft.Extensions.Logging.Configuration": "10.0.0",
          "Microsoft.Extensions.Options": "10.0.0"
        }
      },
      "Microsoft.Extensions.Logging.Debug": {
        "type": "Transitive",
        "resolved": "10.0.0",
        "contentHash": "A/4vBtVaySLBGj4qluye+KSbeVCCMa6GcTbxf2YgnSDHs9b9105+VojBJ1eJPel8F1ny0JOh+Ci3vgCKn69tNQ==",
        "dependencies": {
          "Microsoft.Extensions.DependencyInjection.Abstractions": "10.0.0",
          "Microsoft.Extensions.Logging": "10.0.0",
          "Microsoft.Extensions.Logging.Abstractions": "10.0.0"
        }
      },
      "Microsoft.Extensions.Logging.EventLog": {
        "type": "Transitive",
        "resolved": "10.0.0",
        "contentHash": "EWda5nSXhzQZr3yJ3+XgIApOek+Hm+txhWCEzWNVPp/OfimL4qmvctgXu87m+S2RXw/AoUP8aLMNicJ2KWblVA==",
        "dependencies": {
          "Microsoft.Extensions.DependencyInjection.Abstractions": "10.0.0",
          "Microsoft.Extensions.Logging": "10.0.0",
          "Microsoft.Extensions.Logging.Abstractions": "10.0.0",
          "Microsoft.Extensions.Options": "10.0.0",
          "System.Diagnostics.EventLog": "10.0.0"
        }
      },
      "Microsoft.Extensions.Logging.EventSource": {
        "type": "Transitive",
        "resolved": "10.0.0",
        "contentHash": "+Qc+kgoJi1w2A/Jm+7h04LcK2JoJkwAxKg7kBakkNRcemTmRGocqPa7rVNVGorTYruFrUS25GwkFNtOECnjhXg==",
        "dependencies": {
          "Microsoft.Extensions.DependencyInjection.Abstractions": "10.0.0",
          "Microsoft.Extensions.Logging": "10.0.0",
          "Microsoft.Extensions.Logging.Abstractions": "10.0.0",
          "Microsoft.Extensions.Options": "10.0.0",
          "Microsoft.Extensions.Primitives": "10.0.0"
        }
      },
      "Microsoft.Extensions.Options": {
        "type": "Transitive",
        "resolved": "10.0.3",
        "contentHash": "hU6WzGTPvPoLA2ng1ILvWQb3g0qORdlHNsxI8IcPLumJb3suimYUl+bbDzdo1V4KFsvVhnMWzysHpKbZaoDQPQ==",
        "dependencies": {
          "Microsoft.Extensions.DependencyInjection.Abstractions": "10.0.3",
          "Microsoft.Extensions.Primitives": "10.0.3"
        }
      },
      "Microsoft.Extensions.Options.ConfigurationExtensions": {
        "type": "Transitive",
        "resolved": "10.0.0",
        "contentHash": "tL9cSl3maS5FPzp/3MtlZI21ExWhni0nnUCF8HY4npTsINw45n9SNDbkKXBMtFyUFGSsQep25fHIDN4f/Vp3AQ==",
        "dependencies": {
          "Microsoft.Extensions.Configuration.Abstractions": "10.0.0",
          "Microsoft.Extensions.Configuration.Binder": "10.0.0",
          "Microsoft.Extensions.DependencyInjection.Abstractions": "10.0.0",
          "Microsoft.Extensions.Options": "10.0.0",
          "Microsoft.Extensions.Primitives": "10.0.0"
        }
      },
      "Microsoft.Extensions.Primitives": {
        "type": "Transitive",
        "resolved": "10.0.9",
        "contentHash": "fmEbAUFsaIKirgLt/lYhuFRBwhcSJN31jjHgCdbQxJiWOum6EdLjkbgGuukSP9z/a+9LibaxII/kF+GwOXgC4g=="
      },
      "Microsoft.Identity.Client": {
        "type": "Transitive",
        "resolved": "4.83.1",
        "contentHash": "jOLIrZ3cynoqHLLO1cXplFFabrhrMEYs/EuKHvmCyrOm1axqiVFT6nCSnHxk7w5+d2BeQfCdM12Yf/0X7OeS1g==",
        "dependencies": {
          "Microsoft.IdentityModel.Abstractions": "8.14.0"
        }
      },
      "Microsoft.Identity.Client.Extensions.Msal": {
        "type": "Transitive",
        "resolved": "4.83.1",
        "contentHash": "I3k4J4Hj4KbLEFanjeUzzDOVecukETaTgEkJ7h2pP/Yazs6SLp6TVUTo/Eo+ptPXMwvc+iX7rBFtMSUrA7R+Mg==",
        "dependencies": {
          "Microsoft.Identity.Client": "4.83.1",
          "System.Security.Cryptography.ProtectedData": "4.5.0"
        }
      },
      "Microsoft.IdentityModel.Abstractions": {
        "type": "Transitive",
        "resolved": "8.19.1",
        "contentHash": "gFA8THIk23uNF/vMdOHnjIdXD1LyA2g12cHzMJ+Xag6WpgWLw6E/6uCXxvA0gp9d2yAvkRt3xzFzMUiO/hofnQ=="
      },
      "Microsoft.IdentityModel.JsonWebTokens": {
        "type": "Transitive",
        "resolved": "8.19.1",
        "contentHash": "6eeY+y2QFyjj3XnCz/8gJdoP5smYHTS9ow1bw2nsZzDIPjPhBZlackYTIduSMipVpxnoT/B62LkrXX2jPggOXg==",
        "dependencies": {
          "Microsoft.IdentityModel.Tokens": "8.19.1"
        }
      },
      "Microsoft.IdentityModel.Logging": {
        "type": "Transitive",
        "resolved": "8.19.1",
        "contentHash": "H+sMrMpdbWnwkQnpb/ESkQovtOgdefmj0ecGCcP40mDKzE5i4dUYkH6599M9mWYFNGNJnTp92l/9wLubYXWimw==",
        "dependencies": {
          "Microsoft.IdentityModel.Abstractions": "8.19.1"
        }
      },
      "Microsoft.IdentityModel.Tokens": {
        "type": "Transitive",
        "resolved": "8.19.1",
        "contentHash": "KDiuSLXud2AFVNAOottd8ztVysfPeHyr4r8gofU3/VKUXlI7oytzGTnPsNJ/B3nui17rgz8wAdWNJOtzPjkUxw==",
        "dependencies": {
          "Microsoft.Bcl.Cryptography": "10.0.2",
          "Microsoft.Extensions.Logging.Abstractions": "8.0.0",
          "Microsoft.IdentityModel.Logging": "8.19.1"
        }
      },
      "Microsoft.Testing.Extensions.Telemetry": {
        "type": "Transitive",
        "resolved": "1.9.1",
        "contentHash": "No5AudZMmSb+uNXjlgL2y3/stHD2IT4uxqc5yHwkE+/nNux9jbKcaJMvcp9SwgP4DVD8L9/P3OUz8mmmcvEIdQ==",
        "dependencies": {
          "Microsoft.ApplicationInsights": "2.23.0",
          "Microsoft.Testing.Platform": "1.9.1"
        }
      },
      "Microsoft.Testing.Extensions.TrxReport.Abstractions": {
        "type": "Transitive",
        "resolved": "1.9.1",
        "contentHash": "AL46Xe1WBi85Ntd4mNPvat5ZSsZ2uejiVqoKCypr8J3wK0elA5xJ3AN4G/Q4GIwzUFnggZoH/DBjnr9J18IO/g==",
        "dependencies": {
          "Microsoft.Testing.Platform": "1.9.1"
        }
      },
      "Microsoft.Testing.Platform": {
        "type": "Transitive",
        "resolved": "1.9.1",
        "contentHash": "QafNtNSmEI0zazdebnsIkDKmFtTSpmx/5PLOjURWwozcPb3tvRxzosQSL8xwYNM1iPhhKiBksXZyRSE2COisrA=="
      },
      "Microsoft.Testing.Platform.MSBuild": {
        "type": "Transitive",
        "resolved": "1.9.1",
        "contentHash": "oTUtyR4X/s9ytuiNA29FGsNCCH0rNmY5Wdm14NCKLjTM1cT9edVSlA+rGS/mVmusPqcP0l/x9qOnMXg16v87RQ==",
        "dependencies": {
          "Microsoft.Testing.Platform": "1.9.1"
        }
      },
      "Microsoft.Win32.Registry": {
        "type": "Transitive",
        "resolved": "5.0.0",
        "contentHash": "dDoKi0PnDz31yAyETfRntsLArTlVAVzUzCIvvEDsDsucrl33Dl8pIJG06ePTJTI3tGpeyHS9Cq7Foc/s4EeKcg=="
      },
      "Microsoft.Win32.SystemEvents": {
        "type": "Transitive",
        "resolved": "6.0.0",
        "contentHash": "hqTM5628jSsQiv+HGpiq3WKBl2c8v1KZfby2J6Pr7pEPlK9waPdgEO6b8A/+/xn/yZ9ulv8HuqK71ONy2tg67A=="
      },
      "Newtonsoft.Json": {
        "type": "Transitive",
        "resolved": "13.0.4",
        "contentHash": "pdgNNMai3zv51W5aq268sujXUyx7SNdE2bj1wZcWjAQrKMFZV260lbqYop1d2GM67JI1huLRwxo9ZqnfF/lC6A=="
      },
      "OpenTelemetry": {
        "type": "Transitive",
        "resolved": "1.15.3",
        "contentHash": "N0i6WjPoHPbZyms1ugbDIFAJFuGlpeExJMU/+XSL0lQRUkg/D0utFkDoLXf8Z1km5B+xVZ2GyMXXiX8qdeNmPg==",
        "dependencies": {
          "Microsoft.Extensions.Diagnostics.Abstractions": "10.0.0",
          "Microsoft.Extensions.Logging.Configuration": "10.0.0",
          "OpenTelemetry.Api.ProviderBuilderExtensions": "1.15.3"
        }
      },
      "OpenTelemetry.Api": {
        "type": "Transitive",
        "resolved": "1.15.3",
        "contentHash": "fX+fkCysfPut+qCcT3bKqyX4QN9Saf4CgX8HLOHywEVD+Xr7sULtfuypITpoDysjx8R59dn/3mWhgimMH8cm/g=="
      },
      "OpenTelemetry.Api.ProviderBuilderExtensions": {
        "type": "Transitive",
        "resolved": "1.15.3",
        "contentHash": "SYn0lqYDwLMWhv/zlNGsQcl2yX++yTumanX46bmOZE/ZDOd1WjPBO2kZaZgKLEZTZk48pavIFGJ6vOvxXgWVFQ==",
        "dependencies": {
          "Microsoft.Extensions.DependencyInjection.Abstractions": "10.0.0",
          "OpenTelemetry.Api": "1.15.3"
        }
      },
      "OpenTelemetry.Extensions.Hosting": {
        "type": "Transitive",
        "resolved": "1.15.3",
        "contentHash": "u8n/W8yIlqv0BXZmvId1iVaeWXG42tGKdTkuLYg5g57Y/r9CeUNzqtrSHNdG5IoO8iPX79w3v+WsbAHgUQbfeg==",
        "dependencies": {
          "Microsoft.Extensions.Hosting.Abstractions": "10.0.0",
          "OpenTelemetry": "1.15.3"
        }
      },
      "OpenTelemetry.Instrumentation.AspNetCore": {
        "type": "Transitive",
        "resolved": "1.15.2",
        "contentHash": "2nPd7r0ug/gd6/CNFL6Rlu+RSQ9WYGSGHAYQ1ssbSqyzKJpqTunfx2I/1O0WB5k+L0cyXbG4XVZpoSoUc3M7wg==",
        "dependencies": {
          "OpenTelemetry.Api.ProviderBuilderExtensions": "[1.15.3, 2.0.0)"
        }
      },
      "OpenTelemetry.Instrumentation.Http": {
        "type": "Transitive",
        "resolved": "1.15.1",
        "contentHash": "vFO4Fj/dXkoVNGo/nhoGpO2zYQmZwr4jTID7oRGo+XlQ8LqksyZjUXQ4p39RfUvTID7IzzL8Qe71tW7CcAFymA==",
        "dependencies": {
          "Microsoft.Extensions.Configuration": "10.0.0",
          "Microsoft.Extensions.Options": "10.0.0",
          "OpenTelemetry.Api.ProviderBuilderExtensions": "[1.15.3, 2.0.0)"
        }
      },
      "OpenTelemetry.PersistentStorage.Abstractions": {
        "type": "Transitive",
        "resolved": "1.0.3",
        "contentHash": "7nSE1uLY0KOHRssg1xQydDZJ/s9zECOzFT/gSDIp1KTxbgd1yziuMTsdBKZ/N1BbpUxfH6Pjq5OMd7lYogwReA=="
      },
      "OpenTelemetry.PersistentStorage.FileSystem": {
        "type": "Transitive",
        "resolved": "1.0.3",
        "contentHash": "3k+yCroJcGBtZIia+0LgzMlBuD0U95BzcWNEGWedusBaRAD8EmkaCPAUwaCtFbb/Mg7HywbIG2zuenANPYFJ0g==",
        "dependencies": {
          "OpenTelemetry.PersistentStorage.Abstractions": "1.0.3"
        }
      },
      "SQLitePCLRaw.bundle_e_sqlite3": {
        "type": "Transitive",
        "resolved": "2.1.11",
        "contentHash": "DC4nA7yWnf4UZdgJDF+9Mus4/cb0Y3Sfgi3gDnAoKNAIBwzkskNAbNbyu+u4atT0ruVlZNJfwZmwiEwE5oz9LQ==",
        "dependencies": {
          "SQLitePCLRaw.lib.e_sqlite3": "2.1.11",
          "SQLitePCLRaw.provider.e_sqlite3": "2.1.11"
        }
      },
      "SQLitePCLRaw.core": {
        "type": "Transitive",
        "resolved": "2.1.11",
        "contentHash": "PK0GLFkfhZzLQeR3PJf71FmhtHox+U3vcY6ZtswoMjrefkB9k6ErNJEnwXqc5KgXDSjige2XXrezqS39gkpQKA=="
      },
      "SQLitePCLRaw.lib.e_sqlite3": {
        "type": "Transitive",
        "resolved": "2.1.11",
        "contentHash": "Ev2ytaXiOlWZ4b3R67GZBsemTINslLD1DCJr2xiacpn4tbapu0Q4dHEzSvZSMnVWeE5nlObU3VZN2p81q3XOYQ=="
      },
      "SQLitePCLRaw.provider.e_sqlite3": {
        "type": "Transitive",
        "resolved": "2.1.11",
        "contentHash": "Y/0ZkR+r0Cg3DQFuCl1RBnv/tmxpIZRU3HUvelPw6MVaKHwYYR8YNvgs0vuNuXCMvlyJ+Fh88U1D4tah1tt6qw==",
        "dependencies": {
          "SQLitePCLRaw.core": "2.1.11"
        }
      },
      "System.ClientModel": {
        "type": "Transitive",
        "resolved": "1.10.0",
        "contentHash": "lBEWs54F5Y5pZ9hC+8z4S/X76957ex+DPk7WecRHlbIHtrPfbRMMlOgI3iDn4Jpb3bSxvBnKaaHoD59auFjlBA==",
        "dependencies": {
          "Microsoft.Extensions.Configuration.Abstractions": "10.0.3",
          "Microsoft.Extensions.Hosting.Abstractions": "10.0.3",
          "Microsoft.Extensions.Logging.Abstractions": "10.0.3",
          "System.Memory.Data": "10.0.3"
        }
      },
      "System.Configuration.ConfigurationManager": {
        "type": "Transitive",
        "resolved": "6.0.0",
        "contentHash": "7T+m0kDSlIPTHIkPMIu6m6tV6qsMqJpvQWW2jIc2qi7sn40qxFo0q+7mEQAhMPXZHMKnWrnv47ntGlM/ejvw3g==",
        "dependencies": {
          "System.Security.Cryptography.ProtectedData": "6.0.0",
          "System.Security.Permissions": "6.0.0"
        }
      },
      "System.Diagnostics.EventLog": {
        "type": "Transitive",
        "resolved": "10.0.0",
        "contentHash": "uaFRda9NjtbJRkdx311eXlAA3n2em7223c1A8d1VWyl+4FL9vkG7y2lpPfBU9HYdj/9KgdRNdn1vFK8ZYCYT/A=="
      },
      "System.Drawing.Common": {
        "type": "Transitive",
        "resolved": "6.0.0",
        "contentHash": "NfuoKUiP2nUWwKZN6twGqXioIe1zVD0RIj2t976A+czLHr2nY454RwwXs6JU9Htc6mwqL6Dn/nEL3dpVf2jOhg==",
        "dependencies": {
          "Microsoft.Win32.SystemEvents": "6.0.0"
        }
      },
      "System.IdentityModel.Tokens.Jwt": {
        "type": "Transitive",
        "resolved": "8.19.1",
        "contentHash": "2VHcRtT95GAcW1E3aVBLvL2rAAMxKHXKMXKXFyWzwgkdFXZPMMvP8tVOfnRydL4vTr1RirNuGC6T8VSEF2YsPQ==",
        "dependencies": {
          "Microsoft.IdentityModel.JsonWebTokens": "8.19.1",
          "Microsoft.IdentityModel.Tokens": "8.19.1"
        }
      },
      "System.Memory.Data": {
        "type": "Transitive",
        "resolved": "10.0.3",
        "contentHash": "MaGhRfGunmrj/nHjtsi9XkhlYJ/ERGWrbA+BiSKNtGnAjc9XlG5EhAvak6VRcX5LYzPF6pBO8nJ613dTgzabig=="
      },
      "System.Security.Cryptography.ProtectedData": {
        "type": "Transitive",
        "resolved": "6.0.0",
        "contentHash": "rp1gMNEZpvx9vP0JW0oHLxlf8oSiQgtno77Y4PLUBjSiDYoD77Y8uXHr1Ea5XG4/pIKhqAdxZ8v8OTUtqo9PeQ=="
      },
      "System.Security.Permissions": {
        "type": "Transitive",
        "resolved": "6.0.0",
        "contentHash": "T/uuc7AklkDoxmcJ7LGkyX1CcSviZuLCa4jg3PekfJ7SU0niF0IVTXwUiNVP9DSpzou2PpxJ+eNY2IfDM90ZCg==",
        "dependencies": {
          "System.Windows.Extensions": "6.0.0"
        }
      },
      "System.Windows.Extensions": {
        "type": "Transitive",
        "resolved": "6.0.0",
        "contentHash": "IXoJOXIqc39AIe+CIR7koBtRGMiCt/LPM3lI+PELtDIy9XdyeSrwXFdWV9dzJ2Awl0paLWUaknLxFQ5HpHZUog==",
        "dependencies": {
          "System.Drawing.Common": "6.0.0"
        }
      },
      "xunit.analyzers": {
        "type": "Transitive",
        "resolved": "1.27.0",
        "contentHash": "y/pxIQaLvk/kxAoDkZW9GnHLCEqzwl5TW0vtX3pweyQpjizB9y3DXhb9pkw2dGeUqhLjsxvvJM1k89JowU6z3g=="
      },
      "xunit.v3.assert": {
        "type": "Transitive",
        "resolved": "3.2.2",
        "contentHash": "BPciBghgEEaJN/JG00QfCYDfEfnLgQhfnYEy+j1izoeHVNYd5+3Wm8GJ6JgYysOhpBPYGE+sbf75JtrRc7jrdA=="
      },
      "xunit.v3.common": {
        "type": "Transitive",
        "resolved": "3.2.2",
        "contentHash": "Hj775PEH6GTbbg0wfKRvG2hNspDCvTH9irXhH4qIWgdrOSV1sQlqPie+DOvFeigsFg2fxSM3ZAaaCDQs+KreFA==",
        "dependencies": {
          "Microsoft.Bcl.AsyncInterfaces": "6.0.0"
        }
      },
      "xunit.v3.core.mtp-v1": {
        "type": "Transitive",
        "resolved": "3.2.2",
        "contentHash": "Ga5aA2Ca9ktz+5k3g5ukzwfexwoqwDUpV6z7atSEUvqtd6JuybU1XopHqg1oFd78QdTfZgZE9h5sHpO4qYIi5w==",
        "dependencies": {
          "Microsoft.Testing.Extensions.Telemetry": "1.9.1",
          "Microsoft.Testing.Extensions.TrxReport.Abstractions": "1.9.1",
          "Microsoft.Testing.Platform": "1.9.1",
          "Microsoft.Testing.Platform.MSBuild": "1.9.1",
          "xunit.v3.extensibility.core": "[3.2.2]",
          "xunit.v3.runner.inproc.console": "[3.2.2]"
        }
      },
      "xunit.v3.extensibility.core": {
        "type": "Transitive",
        "resolved": "3.2.2",
        "contentHash": "srY8z/oMPvh/t8axtO2DwrHajhFMH7tnqKildvYrVQIfICi8fOn3yIBWkVPAcrKmHMwvXRJ/XsQM3VMR6DOYfQ==",
        "dependencies": {
          "xunit.v3.common": "[3.2.2]"
        }
      },
      "xunit.v3.mtp-v1": {
        "type": "Transitive",
        "resolved": "3.2.2",
        "contentHash": "O41aAzYKBT5PWqATa1oEWVNCyEUypFQ4va6K0kz37dduV3EKzXNMaV2UnEhufzU4Cce1I33gg0oldS8tGL5I0A==",
        "dependencies": {
          "xunit.analyzers": "1.27.0",
          "xunit.v3.assert": "[3.2.2]",
          "xunit.v3.core.mtp-v1": "[3.2.2]"
        }
      },
      "xunit.v3.runner.common": {
        "type": "Transitive",
        "resolved": "3.2.2",
        "contentHash": "/hkHkQCzGrugelOAehprm7RIWdsUFVmIVaD6jDH/8DNGCymTlKKPTbGokD5czbAfqfex47mBP0sb0zbHYwrO/g==",
        "dependencies": {
          "Microsoft.Win32.Registry": "[5.0.0]",
          "xunit.v3.common": "[3.2.2]"
        }
      },
      "xunit.v3.runner.inproc.console": {
        "type": "Transitive",
        "resolved": "3.2.2",
        "contentHash": "ulWOdSvCk+bPXijJZ73bth9NyoOHsAs1ZOvamYbCkD4DNLX/Bd29Ve2ZNUwBbK0MqfIYWXHZViy/HKrdEC/izw==",
        "dependencies": {
          "xunit.v3.extensibility.core": "[3.2.2]",
          "xunit.v3.runner.common": "[3.2.2]"
        }
      },
      "api": {
        "type": "Project",
        "dependencies": {
          "Azure.Messaging.WebPubSub": "[1.6.0, )",
          "Azure.Monitor.OpenTelemetry.AspNetCore": "[1.5.0, )",
          "Microsoft.Azure.Cosmos": "[3.61.0, )",
          "Microsoft.Azure.Functions.Worker": "[2.52.0, )",
          "Microsoft.Azure.Functions.Worker.Extensions.Http": "[3.3.0, )",
          "Microsoft.Azure.Functions.Worker.OpenTelemetry": "[1.2.0, )",
          "Microsoft.Azure.Functions.Worker.Sdk": "[2.0.7, )",
          "Microsoft.Extensions.Configuration.UserSecrets": "[10.0.9, )",
          "Newtonsoft.Json": "[13.0.4, )",
          "System.IdentityModel.Tokens.Jwt": "[8.19.1, )"
        }
      }
    }
  }
}