
Microsoft Visual Studio Solution File, Format Version 12.00
# Visual Studio Version 17
VisualStudioVersion = 17.0.31612.314
MinimumVisualStudioVersion = 10.0.40219.1
Project("{9A19103F-16F7-4668-BE54-9A1E7A4F7556}") = "Api", "api\Api.csproj", "{DEAAF84A-70A4-490B-BBB9-3970807F0F0E}"
EndProject
Project("{54A90642-561A-4BB1-A94E-469ADEE60C69}") = "Client", "client\Client.esproj", "{877DCF29-C85A-4571-A659-118DF32AF090}"
EndProject
Project("{2150E333-8FDC-42A3-9474-1A3956D46DE8}") = "Solution Folder", "Solution Folder", "{A222E678-9956-4174-87CF-88D3DB440ABF}"
	ProjectSection(SolutionItems) = preProject
		..\.editorconfig = ..\.editorconfig
		..\.gitignore = ..\.gitignore
		..\LICENSE = ..\LICENSE
		..\README.md = ..\README.md
		client\staticwebapp.config.template.json = client\staticwebapp.config.template.json
	EndProjectSection
EndProject
Global
	GlobalSection(SolutionConfigurationPlatforms) = preSolution
		Debug|Any CPU = Debug|Any CPU
		Release|Any CPU = Release|Any CPU
	EndGlobalSection
	GlobalSection(ProjectConfigurationPlatforms) = postSolution
		{DEAAF84A-70A4-490B-BBB9-3970807F0F0E}.Debug|Any CPU.ActiveCfg = Debug|Any CPU
		{DEAAF84A-70A4-490B-BBB9-3970807F0F0E}.Debug|Any CPU.Build.0 = Debug|Any CPU
		{DEAAF84A-70A4-490B-BBB9-3970807F0F0E}.Release|Any CPU.ActiveCfg = Release|Any CPU
		{DEAAF84A-70A4-490B-BBB9-3970807F0F0E}.Release|Any CPU.Build.0 = Release|Any CPU
		{877DCF29-C85A-4571-A659-118DF32AF090}.Debug|Any CPU.ActiveCfg = Debug|Any CPU
		{877DCF29-C85A-4571-A659-118DF32AF090}.Release|Any CPU.ActiveCfg = Release|Any CPU
	EndGlobalSection
	GlobalSection(SolutionProperties) = preSolution
		HideSolutionNode = FALSE
	EndGlobalSection
	GlobalSection(ExtensibilityGlobals) = postSolution
		SolutionGuid = {73A27D3F-C753-4870-80F4-1DBEBF192C6E}
	EndGlobalSection
EndGlobal
